// !$*UTF8*$!
{
	archiveVersion = 1;
	classes = {
	};
	objectVersion = 46;
	objects = {

/* Begin PBXFileReference section */
		153D25411805D44C005D2DCC /* .gitattributes */ = {isa = PBXFileReference; lastKnownFileType = text; path = .gitattributes; sourceTree = "<group>"; };
		153D25421805D44C005D2DCC /* .gitignore */ = {isa = PBXFileReference; lastKnownFileType = text; path = .gitignore; sourceTree = "<group>"; };
		153D25431805D44C005D2DCC /* amalloc.c */ = {isa = PBXFileReference; lastKnownFileType = sourcecode.c.c; path = amalloc.c; sourceTree = "<group>"; };
		153D25441805D44C005D2DCC /* amalloc.h */ = {isa = PBXFileReference; lastKnownFileType = sourcecode.c.h; path = amalloc.h; sourceTree = "<group>"; };
		153D25451805D44C005D2DCC /* basename.c */ = {isa = PBXFileReference; lastKnownFileType = sourcecode.c.c; path = basename.c; sourceTree = "<group>"; };
		153D25461805D44C005D2DCC /* blocktags */ = {isa = PBXFileReference; lastKnownFileType = text; path = blocktags; sourceTree = "<group>"; };
		153D25471805D44C005D2DCC /* config.cmd */ = {isa = PBXFileReference; lastKnownFileType = text.script.sh; path = config.cmd; sourceTree = "<group>"; };
		153D25481805D44C005D2DCC /* config.h */ = {isa = PBXFileReference; lastKnownFileType = sourcecode.c.h; path = config.h; sourceTree = "<group>"; };
		153D25491805D44C005D2DCC /* config.log */ = {isa = PBXFileReference; lastKnownFileType = text; path = config.log; sourceTree = "<group>"; };
		153D254A1805D44C005D2DCC /* config.mak */ = {isa = PBXFileReference; lastKnownFileType = sourcecode.make; path = config.mak; sourceTree = "<group>"; };
		153D254B1805D44C005D2DCC /* config.md */ = {isa = PBXFileReference; lastKnownFileType = text.script.sh; path = config.md; sourceTree = "<group>"; };
		153D254C1805D44C005D2DCC /* config.sub */ = {isa = PBXFileReference; lastKnownFileType = text; path = config.sub; sourceTree = "<group>"; };
		153D254D1805D44C005D2DCC /* configure.inc */ = {isa = PBXFileReference; lastKnownFileType = sourcecode.pascal; path = configure.inc; sourceTree = "<group>"; };
		153D254E1805D44C005D2DCC /* configure.sh */ = {isa = PBXFileReference; lastKnownFileType = text.script.sh; path = configure.sh; sourceTree = "<group>"; };
		153D254F1805D44C005D2DCC /* COPYRIGHT */ = {isa = PBXFileReference; lastKnownFileType = text; path = COPYRIGHT; sourceTree = "<group>"; };
		153D25501805D44C005D2DCC /* CREDITS */ = {isa = PBXFileReference; lastKnownFileType = text; path = CREDITS; sourceTree = "<group>"; };
		153D25511805D44C005D2DCC /* Csio.c */ = {isa = PBXFileReference; lastKnownFileType = sourcecode.c.c; path = Csio.c; sourceTree = "<group>"; };
		153D25521805D44C005D2DCC /* css.c */ = {isa = PBXFileReference; lastKnownFileType = sourcecode.c.c; path = css.c; sourceTree = "<group>"; };
		153D25531805D44C005D2DCC /* cstring.h */ = {isa = PBXFileReference; lastKnownFileType = sourcecode.c.h; path = cstring.h; sourceTree = "<group>"; };
		153D25541805D44C005D2DCC /* docheader.c */ = {isa = PBXFileReference; lastKnownFileType = sourcecode.c.c; path = docheader.c; sourceTree = "<group>"; };
		153D25551805D44C005D2DCC /* dumptree.c */ = {isa = PBXFileReference; lastKnownFileType = sourcecode.c.c; path = dumptree.c; sourceTree = "<group>"; };
		153D25561805D44C005D2DCC /* emmatch.c */ = {isa = PBXFileReference; lastKnownFileType = sourcecode.c.c; path = emmatch.c; sourceTree = "<group>"; };
		153D25571805D44C005D2DCC /* flags.c */ = {isa = PBXFileReference; lastKnownFileType = sourcecode.c.c; path = flags.c; sourceTree = "<group>"; };
		153D25581805D44C005D2DCC /* generate.c */ = {isa = PBXFileReference; lastKnownFileType = sourcecode.c.c; path = generate.c; sourceTree = "<group>"; };
		153D25591805D44C005D2DCC /* html5.c */ = {isa = PBXFileReference; lastKnownFileType = sourcecode.c.c; path = html5.c; sourceTree = "<group>"; };
		153D255A1805D44C005D2DCC /* INSTALL */ = {isa = PBXFileReference; lastKnownFileType = text; path = INSTALL; sourceTree = "<group>"; };
		153D255B1805D44C005D2DCC /* librarian.sh */ = {isa = PBXFileReference; lastKnownFileType = text.script.sh; path = librarian.sh; sourceTree = "<group>"; };
		153D255C1805D44C005D2DCC /* main.c */ = {isa = PBXFileReference; lastKnownFileType = sourcecode.c.c; path = main.c; sourceTree = "<group>"; };
		153D255D1805D44C005D2DCC /* Makefile */ = {isa = PBXFileReference; lastKnownFileType = sourcecode.make; path = Makefile; sourceTree = "<group>"; };
		153D255E1805D44C005D2DCC /* Makefile.in */ = {isa = PBXFileReference; lastKnownFileType = text; path = Makefile.in; sourceTree = "<group>"; };
		153D255F1805D44C005D2DCC /* makepage.1 */ = {isa = PBXFileReference; lastKnownFileType = text.man; path = makepage.1; sourceTree = "<group>"; };
		153D25601805D44C005D2DCC /* makepage.c */ = {isa = PBXFileReference; lastKnownFileType = sourcecode.c.c; path = makepage.c; sourceTree = "<group>"; };
		153D25611805D44C005D2DCC /* makepage.dSYM */ = {isa = PBXFileReference; lastKnownFileType = wrapper.dsym; path = makepage.dSYM; sourceTree = "<group>"; };
		153D25621805D44C005D2DCC /* markdown.1 */ = {isa = PBXFileReference; lastKnownFileType = text.man; path = markdown.1; sourceTree = "<group>"; };
		153D25631805D44C005D2DCC /* markdown.3 */ = {isa = PBXFileReference; lastKnownFileType = text; path = markdown.3; sourceTree = "<group>"; };
		153D25641805D44C005D2DCC /* markdown.7 */ = {isa = PBXFileReference; lastKnownFileType = text; path = markdown.7; sourceTree = "<group>"; };
		153D25651805D44C005D2DCC /* markdown.c */ = {isa = PBXFileReference; lastKnownFileType = sourcecode.c.c; path = markdown.c; sourceTree = "<group>"; };
		153D25661805D44C005D2DCC /* markdown.h */ = {isa = PBXFileReference; lastKnownFileType = sourcecode.c.h; path = markdown.h; sourceTree = "<group>"; };
		153D25671805D44C005D2DCC /* mkd-callbacks.3 */ = {isa = PBXFileReference; lastKnownFileType = text; path = "mkd-callbacks.3"; sourceTree = "<group>"; };
		153D25681805D44C005D2DCC /* mkd-extensions.7 */ = {isa = PBXFileReference; lastKnownFileType = text; path = "mkd-extensions.7"; sourceTree = "<group>"; };
		153D25691805D44C005D2DCC /* mkd-functions.3 */ = {isa = PBXFileReference; lastKnownFileType = text; path = "mkd-functions.3"; sourceTree = "<group>"; };
		153D256A1805D44C005D2DCC /* mkd-line.3 */ = {isa = PBXFileReference; lastKnownFileType = text; path = "mkd-line.3"; sourceTree = "<group>"; };
		153D256B1805D44C005D2DCC /* mkd2html.1 */ = {isa = PBXFileReference; lastKnownFileType = text.man; path = mkd2html.1; sourceTree = "<group>"; };
		153D256C1805D44C005D2DCC /* mkd2html.c */ = {isa = PBXFileReference; lastKnownFileType = sourcecode.c.c; path = mkd2html.c; sourceTree = "<group>"; };
		153D256D1805D44C005D2DCC /* mkdio.c */ = {isa = PBXFileReference; lastKnownFileType = sourcecode.c.c; path = mkdio.c; sourceTree = "<group>"; };
		153D256E1805D44C005D2DCC /* mkdio.h */ = {isa = PBXFileReference; lastKnownFileType = sourcecode.c.h; path = mkdio.h; sourceTree = "<group>"; };
		153D256F1805D44C005D2DCC /* mkdio.h.in */ = {isa = PBXFileReference; lastKnownFileType = text; path = mkdio.h.in; sourceTree = "<group>"; };
		153D25701805D44C005D2DCC /* mktags */ = {isa = PBXFileReference; lastKnownFileType = "compiled.mach-o.executable"; path = mktags; sourceTree = "<group>"; };
		153D25711805D44C005D2DCC /* mktags.c */ = {isa = PBXFileReference; lastKnownFileType = sourcecode.c.c; path = mktags.c; sourceTree = "<group>"; };
		153D25721805D44C005D2DCC /* mktags.dSYM */ = {isa = PBXFileReference; lastKnownFileType = wrapper.dsym; path = mktags.dSYM; sourceTree = "<group>"; };
		153D25731805D44C005D2DCC /* pgm_options.c */ = {isa = PBXFileReference; lastKnownFileType = sourcecode.c.c; path = pgm_options.c; sourceTree = "<group>"; };
		153D25741805D44C005D2DCC /* pgm_options.h */ = {isa = PBXFileReference; lastKnownFileType = sourcecode.c.h; path = pgm_options.h; sourceTree = "<group>"; };
		153D25751805D44C005D2DCC /* Plan9 */ = {isa = PBXFileReference; lastKnownFileType = folder; path = Plan9; sourceTree = "<group>"; };
		153D25761805D44C005D2DCC /* README */ = {isa = PBXFileReference; lastKnownFileType = text; path = README; sourceTree = "<group>"; };
		153D25771805D44C005D2DCC /* resource.c */ = {isa = PBXFileReference; lastKnownFileType = sourcecode.c.c; path = resource.c; sourceTree = "<group>"; };
		153D25781805D44C005D2DCC /* setup.c */ = {isa = PBXFileReference; lastKnownFileType = sourcecode.c.c; path = setup.c; sourceTree = "<group>"; };
		153D25791805D44C005D2DCC /* tags.c */ = {isa = PBXFileReference; lastKnownFileType = sourcecode.c.c; path = tags.c; sourceTree = "<group>"; };
		153D257A1805D44C005D2DCC /* tags.h */ = {isa = PBXFileReference; lastKnownFileType = sourcecode.c.h; path = tags.h; sourceTree = "<group>"; };
		153D257B1805D44C005D2DCC /* tests */ = {isa = PBXFileReference; lastKnownFileType = folder; path = tests; sourceTree = "<group>"; };
		153D257C1805D44C005D2DCC /* theme.1 */ = {isa = PBXFileReference; lastKnownFileType = text.man; path = theme.1; sourceTree = "<group>"; };
		153D257D1805D44C005D2DCC /* theme.c */ = {isa = PBXFileReference; lastKnownFileType = sourcecode.c.c; path = theme.c; sourceTree = "<group>"; };
		153D257E1805D44C005D2DCC /* toc.c */ = {isa = PBXFileReference; lastKnownFileType = sourcecode.c.c; path = toc.c; sourceTree = "<group>"; };
		153D257F1805D44C005D2DCC /* tools */ = {isa = PBXFileReference; lastKnownFileType = folder; path = tools; sourceTree = "<group>"; };
		153D25801805D44C005D2DCC /* VERSION */ = {isa = PBXFileReference; lastKnownFileType = text; path = VERSION; sourceTree = "<group>"; };
		153D25811805D44C005D2DCC /* version.c */ = {isa = PBXFileReference; lastKnownFileType = sourcecode.c.c; path = version.c; sourceTree = "<group>"; };
		153D25821805D44C005D2DCC /* version.c.in */ = {isa = PBXFileReference; lastKnownFileType = text; path = version.c.in; sourceTree = "<group>"; };
		153D25831805D44C005D2DCC /* xml.c */ = {isa = PBXFileReference; lastKnownFileType = sourcecode.c.c; path = xml.c; sourceTree = "<group>"; };
		153D25841805D44C005D2DCC /* xmlpage.c */ = {isa = PBXFileReference; lastKnownFileType = sourcecode.c.c; path = xmlpage.c; sourceTree = "<group>"; };
/* End PBXFileReference section */

/* Begin PBXGroup section */
		153D253B1805D44C005D2DCC = {
			isa = PBXGroup;
			children = (
				153D25411805D44C005D2DCC /* .gitattributes */,
				153D25421805D44C005D2DCC /* .gitignore */,
				153D25431805D44C005D2DCC /* amalloc.c */,
				153D25441805D44C005D2DCC /* amalloc.h */,
				153D25451805D44C005D2DCC /* basename.c */,
				153D25461805D44C005D2DCC /* blocktags */,
				153D25471805D44C005D2DCC /* config.cmd */,
				153D25481805D44C005D2DCC /* config.h */,
				153D25491805D44C005D2DCC /* config.log */,
				153D254A1805D44C005D2DCC /* config.mak */,
				153D254B1805D44C005D2DCC /* config.md */,
				153D254C1805D44C005D2DCC /* config.sub */,
				153D254D1805D44C005D2DCC /* configure.inc */,
				153D254E1805D44C005D2DCC /* configure.sh */,
				153D254F1805D44C005D2DCC /* COPYRIGHT */,
				153D25501805D44C005D2DCC /* CREDITS */,
				153D25511805D44C005D2DCC /* Csio.c */,
				153D25521805D44C005D2DCC /* css.c */,
				153D25531805D44C005D2DCC /* cstring.h */,
				153D25541805D44C005D2DCC /* docheader.c */,
				153D25551805D44C005D2DCC /* dumptree.c */,
				153D25561805D44C005D2DCC /* emmatch.c */,
				153D25571805D44C005D2DCC /* flags.c */,
				153D25581805D44C005D2DCC /* generate.c */,
				153D25591805D44C005D2DCC /* html5.c */,
				153D255A1805D44C005D2DCC /* INSTALL */,
				153D255B1805D44C005D2DCC /* librarian.sh */,
				153D255C1805D44C005D2DCC /* main.c */,
				153D255D1805D44C005D2DCC /* Makefile */,
				153D255E1805D44C005D2DCC /* Makefile.in */,
				153D255F1805D44C005D2DCC /* makepage.1 */,
				153D25601805D44C005D2DCC /* makepage.c */,
				153D25611805D44C005D2DCC /* makepage.dSYM */,
				153D25621805D44C005D2DCC /* markdown.1 */,
				153D25631805D44C005D2DCC /* markdown.3 */,
				153D25641805D44C005D2DCC /* markdown.7 */,
				153D25651805D44C005D2DCC /* markdown.c */,
				153D25661805D44C005D2DCC /* markdown.h */,
				153D25671805D44C005D2DCC /* mkd-callbacks.3 */,
				153D25681805D44C005D2DCC /* mkd-extensions.7 */,
				153D25691805D44C005D2DCC /* mkd-functions.3 */,
				153D256A1805D44C005D2DCC /* mkd-line.3 */,
				153D256B1805D44C005D2DCC /* mkd2html.1 */,
				153D256C1805D44C005D2DCC /* mkd2html.c */,
				153D256D1805D44C005D2DCC /* mkdio.c */,
				153D256E1805D44C005D2DCC /* mkdio.h */,
				153D256F1805D44C005D2DCC /* mkdio.h.in */,
				153D25701805D44C005D2DCC /* mktags */,
				153D25711805D44C005D2DCC /* mktags.c */,
				153D25721805D44C005D2DCC /* mktags.dSYM */,
				153D25731805D44C005D2DCC /* pgm_options.c */,
				153D25741805D44C005D2DCC /* pgm_options.h */,
				153D25751805D44C005D2DCC /* Plan9 */,
				153D25761805D44C005D2DCC /* README */,
				153D25771805D44C005D2DCC /* resource.c */,
				153D25781805D44C005D2DCC /* setup.c */,
				153D25791805D44C005D2DCC /* tags.c */,
				153D257A1805D44C005D2DCC /* tags.h */,
				153D257B1805D44C005D2DCC /* tests */,
				153D257C1805D44C005D2DCC /* theme.1 */,
				153D257D1805D44C005D2DCC /* theme.c */,
				153D257E1805D44C005D2DCC /* toc.c */,
				153D257F1805D44C005D2DCC /* tools */,
				153D25801805D44C005D2DCC /* VERSION */,
				153D25811805D44C005D2DCC /* version.c */,
				153D25821805D44C005D2DCC /* version.c.in */,
				153D25831805D44C005D2DCC /* xml.c */,
				153D25841805D44C005D2DCC /* xmlpage.c */,
			);
			sourceTree = "<group>";
		};
/* End PBXGroup section */

/* Begin PBXLegacyTarget section */
		153D25401805D44C005D2DCC /* Discount */ = {
			isa = PBXLegacyTarget;
			buildArgumentsString = "$(ACTION)";
			buildConfigurationList = 153D25851805D44C005D2DCC /* Build configuration list for PBXLegacyTarget "Discount" */;
			buildPhases = (
			);
			buildToolPath = /usr/bin/make;
			buildWorkingDirectory = /Users/bruno/Workspace/XCode/HomeBoxer/HomeBoxer/Libraries/Discount;
			dependencies = (
			);
			name = Discount;
			passBuildSettingsInEnvironment = 1;
			productName = Discount;
		};
/* End PBXLegacyTarget section */

/* Begin PBXProject section */
		153D253C1805D44C005D2DCC /* Project object */ = {
			isa = PBXProject;
			attributes = {
				LastUpgradeCheck = 0500;
			};
			buildConfigurationList = 153D253F1805D44C005D2DCC /* Build configuration list for PBXProject "Discount" */;
			compatibilityVersion = "Xcode 3.2";
			developmentRegion = English;
			hasScannedForEncodings = 0;
			knownRegions = (
				en,
			);
			mainGroup = 153D253B1805D44C005D2DCC;
			projectDirPath = "";
			projectRoot = "";
			targets = (
				153D25401805D44C005D2DCC /* Discount */,
			);
		};
/* End PBXProject section */

/* Begin XCBuildConfiguration section */
		153D253D1805D44C005D2DCC /* Debug */ = {
			isa = XCBuildConfiguration;
			buildSettings = {
				COPY_PHASE_STRIP = NO;
				GCC_WARN_ABOUT_RETURN_TYPE = YES;
				GCC_WARN_UNUSED_VARIABLE = YES;
				MACOSX_DEPLOYMENT_TARGET = 10.8;
				ONLY_ACTIVE_ARCH = YES;
				SDKROOT = macosx;
			};
			name = Debug;
		};
		153D253E1805D44C005D2DCC /* Release */ = {
			isa = XCBuildConfiguration;
			buildSettings = {
				COPY_PHASE_STRIP = YES;
				GCC_WARN_ABOUT_RETURN_TYPE = YES;
				GCC_WARN_UNUSED_VARIABLE = YES;
				MACOSX_DEPLOYMENT_TARGET = 10.8;
				SDKROOT = macosx;
			};
			name = Release;
		};
		153D25861805D44C005D2DCC /* Debug */ = {
			isa = XCBuildConfiguration;
			buildSettings = {
				COPY_PHASE_STRIP = NO;
				DEBUGGING_SYMBOLS = YES;
				GCC_DYNAMIC_NO_PIC = NO;
				GCC_ENABLE_FIX_AND_CONTINUE = YES;
				GCC_GENERATE_DEBUGGING_SYMBOLS = YES;
				GCC_OPTIMIZATION_LEVEL = 0;
				OTHER_CFLAGS = "";
				OTHER_LDFLAGS = "";
				PRODUCT_NAME = Discount;
				SDKROOT = macosx;
			};
			name = Debug;
		};
		153D25871805D44C005D2DCC /* Release */ = {
			isa = XCBuildConfiguration;
			buildSettings = {
				COPY_PHASE_STRIP = YES;
				DEBUG_INFORMATION_FORMAT = "dwarf-with-dsym";
				GCC_ENABLE_FIX_AND_CONTINUE = NO;
				OTHER_CFLAGS = "";
				OTHER_LDFLAGS = "";
				PRODUCT_NAME = Discount;
				SDKROOT = macosx;
			};
			name = Release;
		};
/* End XCBuildConfiguration section */

/* Begin XCConfigurationList section */
		153D253F1805D44C005D2DCC /* Build configuration list for PBXProject "Discount" */ = {
			isa = XCConfigurationList;
			buildConfigurations = (
				153D253D1805D44C005D2DCC /* Debug */,
				153D253E1805D44C005D2DCC /* Release */,
			);
			defaultConfigurationIsVisible = 0;
			defaultConfigurationName = Release;
		};
		153D25851805D44C005D2DCC /* Build configuration list for PBXLegacyTarget "Discount" */ = {
			isa = XCConfigurationList;
			buildConfigurations = (
				153D25861805D44C005D2DCC /* Debug */,
				153D25871805D44C005D2DCC /* Release */,
			);
			defaultConfigurationIsVisible = 0;
			defaultConfigurationName = Release;
		};
/* End XCConfigurationList section */
	};
	rootObject = 153D253C1805D44C005D2DCC /* Project object */;
}
