// !$*UTF8*$!
{
	archiveVersion = 1;
	classes = {
	};
	objectVersion = 46;
	objects = {

/* Begin PBXBuildFile section */
		153C91EB17E8079C008E7A2A /* Cocoa.framework in Frameworks */ = {isa = PBXBuildFile; fileRef = 153C91EA17E8079C008E7A2A /* Cocoa.framework */; };
		153C91F517E8079C008E7A2A /* InfoPlist.strings in Resources */ = {isa = PBXBuildFile; fileRef = 153C91F317E8079C008E7A2A /* InfoPlist.strings */; };
		153C91F717E8079C008E7A2A /* main.m in Sources */ = {isa = PBXBuildFile; fileRef = 153C91F617E8079C008E7A2A /* main.m */; };
		153C91FB17E8079C008E7A2A /* Credits.rtf in Resources */ = {isa = PBXBuildFile; fileRef = 153C91F917E8079C008E7A2A /* Credits.rtf */; };
		153C91FE17E8079C008E7A2A /* BPDocument.m in Sources */ = {isa = PBXBuildFile; fileRef = 153C91FD17E8079C008E7A2A /* BPDocument.m */; };
		153C920117E8079C008E7A2A /* BPDocument.xib in Resources */ = {isa = PBXBuildFile; fileRef = 153C91FF17E8079C008E7A2A /* BPDocument.xib */; };
		153C920417E8079C008E7A2A /* MainMenu.xib in Resources */ = {isa = PBXBuildFile; fileRef = 153C920217E8079C008E7A2A /* MainMenu.xib */; };
		153C920617E8079C008E7A2A /* Images.xcassets in Resources */ = {isa = PBXBuildFile; fileRef = 153C920517E8079C008E7A2A /* Images.xcassets */; };
		153C920D17E8079C008E7A2A /* XCTest.framework in Frameworks */ = {isa = PBXBuildFile; fileRef = 153C920C17E8079C008E7A2A /* XCTest.framework */; };
		153C920E17E8079C008E7A2A /* Cocoa.framework in Frameworks */ = {isa = PBXBuildFile; fileRef = 153C91EA17E8079C008E7A2A /* Cocoa.framework */; };
		153C921617E8079C008E7A2A /* InfoPlist.strings in Resources */ = {isa = PBXBuildFile; fileRef = 153C921417E8079C008E7A2A /* InfoPlist.strings */; };
		153C921817E8079C008E7A2A /* GoneHomeTests.m in Sources */ = {isa = PBXBuildFile; fileRef = 153C921717E8079C008E7A2A /* GoneHomeTests.m */; };
/* End PBXBuildFile section */

/* Begin PBXContainerItemProxy section */
		153C920F17E8079C008E7A2A /* PBXContainerItemProxy */ = {
			isa = PBXContainerItemProxy;
			containerPortal = 153C91DF17E8079C008E7A2A /* Project object */;
			proxyType = 1;
			remoteGlobalIDString = 153C91E617E8079C008E7A2A;
			remoteInfo = GoneHome;
		};
/* End PBXContainerItemProxy section */

/* Begin PBXFileReference section */
		153C91E717E8079C008E7A2A /* GoneHome.app */ = {isa = PBXFileReference; explicitFileType = wrapper.application; includeInIndex = 0; path = GoneHome.app; sourceTree = BUILT_PRODUCTS_DIR; };
		153C91EA17E8079C008E7A2A /* Cocoa.framework */ = {isa = PBXFileReference; lastKnownFileType = wrapper.framework; name = Cocoa.framework; path = System/Library/Frameworks/Cocoa.framework; sourceTree = SDKROOT; };
		153C91ED17E8079C008E7A2A /* AppKit.framework */ = {isa = PBXFileReference; lastKnownFileType = wrapper.framework; name = AppKit.framework; path = System/Library/Frameworks/AppKit.framework; sourceTree = SDKROOT; };
		153C91EE17E8079C008E7A2A /* CoreData.framework */ = {isa = PBXFileReference; lastKnownFileType = wrapper.framework; name = CoreData.framework; path = System/Library/Frameworks/CoreData.framework; sourceTree = SDKROOT; };
		153C91EF17E8079C008E7A2A /* Foundation.framework */ = {isa = PBXFileReference; lastKnownFileType = wrapper.framework; name = Foundation.framework; path = System/Library/Frameworks/Foundation.framework; sourceTree = SDKROOT; };
		153C91F217E8079C008E7A2A /* GoneHome-Info.plist */ = {isa = PBXFileReference; lastKnownFileType = text.plist.xml; path = "GoneHome-Info.plist"; sourceTree = "<group>"; };
		153C91F417E8079C008E7A2A /* en */ = {isa = PBXFileReference; lastKnownFileType = text.plist.strings; name = en; path = en.lproj/InfoPlist.strings; sourceTree = "<group>"; };
		153C91F617E8079C008E7A2A /* main.m */ = {isa = PBXFileReference; lastKnownFileType = sourcecode.c.objc; path = main.m; sourceTree = "<group>"; };
		153C91F817E8079C008E7A2A /* GoneHome-Prefix.pch */ = {isa = PBXFileReference; lastKnownFileType = sourcecode.c.h; path = "GoneHome-Prefix.pch"; sourceTree = "<group>"; };
		153C91FA17E8079C008E7A2A /* en */ = {isa = PBXFileReference; lastKnownFileType = text.rtf; name = en; path = en.lproj/Credits.rtf; sourceTree = "<group>"; };
		153C91FC17E8079C008E7A2A /* BPDocument.h */ = {isa = PBXFileReference; lastKnownFileType = sourcecode.c.h; path = BPDocument.h; sourceTree = "<group>"; };
		153C91FD17E8079C008E7A2A /* BPDocument.m */ = {isa = PBXFileReference; lastKnownFileType = sourcecode.c.objc; path = BPDocument.m; sourceTree = "<group>"; };
		153C920017E8079C008E7A2A /* Base */ = {isa = PBXFileReference; lastKnownFileType = file.xib; name = Base; path = Base.lproj/BPDocument.xib; sourceTree = "<group>"; };
		153C920317E8079C008E7A2A /* Base */ = {isa = PBXFileReference; lastKnownFileType = file.xib; name = Base; path = Base.lproj/MainMenu.xib; sourceTree = "<group>"; };
		153C920517E8079C008E7A2A /* Images.xcassets */ = {isa = PBXFileReference; lastKnownFileType = folder.assetcatalog; path = Images.xcassets; sourceTree = "<group>"; };
		153C920B17E8079C008E7A2A /* GoneHomeTests.xctest */ = {isa = PBXFileReference; explicitFileType = wrapper.cfbundle; includeInIndex = 0; path = GoneHomeTests.xctest; sourceTree = BUILT_PRODUCTS_DIR; };
		153C920C17E8079C008E7A2A /* XCTest.framework */ = {isa = PBXFileReference; lastKnownFileType = wrapper.framework; name = XCTest.framework; path = Library/Frameworks/XCTest.framework; sourceTree = DEVELOPER_DIR; };
		153C921317E8079C008E7A2A /* GoneHomeTests-Info.plist */ = {isa = PBXFileReference; lastKnownFileType = text.plist.xml; path = "GoneHomeTests-Info.plist"; sourceTree = "<group>"; };
		153C921517E8079C008E7A2A /* en */ = {isa = PBXFileReference; lastKnownFileType = text.plist.strings; name = en; path = en.lproj/InfoPlist.strings; sourceTree = "<group>"; };
		153C921717E8079C008E7A2A /* GoneHomeTests.m */ = {isa = PBXFileReference; lastKnownFileType = sourcecode.c.objc; path = GoneHomeTests.m; sourceTree = "<group>"; };
/* End PBXFileReference section */

/* Begin PBXFrameworksBuildPhase section */
		153C91E417E8079C008E7A2A /* Frameworks */ = {
			isa = PBXFrameworksBuildPhase;
			buildActionMask = 2147483647;
			files = (
				153C91EB17E8079C008E7A2A /* Cocoa.framework in Frameworks */,
			);
			runOnlyForDeploymentPostprocessing = 0;
		};
		153C920817E8079C008E7A2A /* Frameworks */ = {
			isa = PBXFrameworksBuildPhase;
			buildActionMask = 2147483647;
			files = (
				153C920E17E8079C008E7A2A /* Cocoa.framework in Frameworks */,
				153C920D17E8079C008E7A2A /* XCTest.framework in Frameworks */,
			);
			runOnlyForDeploymentPostprocessing = 0;
		};
/* End PBXFrameworksBuildPhase section */

/* Begin PBXGroup section */
		153C91DE17E8079C008E7A2A = {
			isa = PBXGroup;
			children = (
				153C91F017E8079C008E7A2A /* GoneHome */,
				153C921117E8079C008E7A2A /* GoneHomeTests */,
				153C91E917E8079C008E7A2A /* Frameworks */,
				153C91E817E8079C008E7A2A /* Products */,
			);
			sourceTree = "<group>";
		};
		153C91E817E8079C008E7A2A /* Products */ = {
			isa = PBXGroup;
			children = (
				153C91E717E8079C008E7A2A /* GoneHome.app */,
				153C920B17E8079C008E7A2A /* GoneHomeTests.xctest */,
			);
			name = Products;
			sourceTree = "<group>";
		};
		153C91E917E8079C008E7A2A /* Frameworks */ = {
			isa = PBXGroup;
			children = (
				153C91EA17E8079C008E7A2A /* Cocoa.framework */,
				153C920C17E8079C008E7A2A /* XCTest.framework */,
				153C91EC17E8079C008E7A2A /* Other Frameworks */,
			);
			name = Frameworks;
			sourceTree = "<group>";
		};
		153C91EC17E8079C008E7A2A /* Other Frameworks */ = {
			isa = PBXGroup;
			children = (
				153C91ED17E8079C008E7A2A /* AppKit.framework */,
				153C91EE17E8079C008E7A2A /* CoreData.framework */,
				153C91EF17E8079C008E7A2A /* Foundation.framework */,
			);
			name = "Other Frameworks";
			sourceTree = "<group>";
		};
		153C91F017E8079C008E7A2A /* GoneHome */ = {
			isa = PBXGroup;
			children = (
				153C91FC17E8079C008E7A2A /* BPDocument.h */,
				153C91FD17E8079C008E7A2A /* BPDocument.m */,
				153C91FF17E8079C008E7A2A /* BPDocument.xib */,
				153C920217E8079C008E7A2A /* MainMenu.xib */,
				153C920517E8079C008E7A2A /* Images.xcassets */,
				153C91F117E8079C008E7A2A /* Supporting Files */,
			);
			path = GoneHome;
			sourceTree = "<group>";
		};
		153C91F117E8079C008E7A2A /* Supporting Files */ = {
			isa = PBXGroup;
			children = (
				153C91F217E8079C008E7A2A /* GoneHome-Info.plist */,
				153C91F317E8079C008E7A2A /* InfoPlist.strings */,
				153C91F617E8079C008E7A2A /* main.m */,
				153C91F817E8079C008E7A2A /* GoneHome-Prefix.pch */,
				153C91F917E8079C008E7A2A /* Credits.rtf */,
			);
			name = "Supporting Files";
			sourceTree = "<group>";
		};
		153C921117E8079C008E7A2A /* GoneHomeTests */ = {
			isa = PBXGroup;
			children = (
				153C921717E8079C008E7A2A /* GoneHomeTests.m */,
				153C921217E8079C008E7A2A /* Supporting Files */,
			);
			path = GoneHomeTests;
			sourceTree = "<group>";
		};
		153C921217E8079C008E7A2A /* Supporting Files */ = {
			isa = PBXGroup;
			children = (
				153C921317E8079C008E7A2A /* GoneHomeTests-Info.plist */,
				153C921417E8079C008E7A2A /* InfoPlist.strings */,
			);
			name = "Supporting Files";
			sourceTree = "<group>";
		};
/* End PBXGroup section */

/* Begin PBXNativeTarget section */
		153C91E617E8079C008E7A2A /* GoneHome */ = {
			isa = PBXNativeTarget;
			buildConfigurationList = 153C921B17E8079C008E7A2A /* Build configuration list for PBXNativeTarget "GoneHome" */;
			buildPhases = (
				153C91E317E8079C008E7A2A /* Sources */,
				153C91E417E8079C008E7A2A /* Frameworks */,
				153C91E517E8079C008E7A2A /* Resources */,
			);
			buildRules = (
			);
			dependencies = (
			);
			name = GoneHome;
			productName = GoneHome;
			productReference = 153C91E717E8079C008E7A2A /* GoneHome.app */;
			productType = "com.apple.product-type.application";
		};
		153C920A17E8079C008E7A2A /* GoneHomeTests */ = {
			isa = PBXNativeTarget;
			buildConfigurationList = 153C921E17E8079C008E7A2A /* Build configuration list for PBXNativeTarget "GoneHomeTests" */;
			buildPhases = (
				153C920717E8079C008E7A2A /* Sources */,
				153C920817E8079C008E7A2A /* Frameworks */,
				153C920917E8079C008E7A2A /* Resources */,
			);
			buildRules = (
			);
			dependencies = (
				153C921017E8079C008E7A2A /* PBXTargetDependency */,
			);
			name = GoneHomeTests;
			productName = GoneHomeTests;
			productReference = 153C920B17E8079C008E7A2A /* GoneHomeTests.xctest */;
			productType = "com.apple.product-type.bundle.unit-test";
		};
/* End PBXNativeTarget section */

/* Begin PBXProject section */
		153C91DF17E8079C008E7A2A /* Project object */ = {
			isa = PBXProject;
			attributes = {
				CLASSPREFIX = BP;
				LastUpgradeCheck = 0500;
				ORGANIZATIONNAME = "Bruno Philipe";
				TargetAttributes = {
					153C920A17E8079C008E7A2A = {
						TestTargetID = 153C91E617E8079C008E7A2A;
					};
				};
			};
			buildConfigurationList = 153C91E217E8079C008E7A2A /* Build configuration list for PBXProject "GoneHome" */;
			compatibilityVersion = "Xcode 3.2";
			developmentRegion = English;
			hasScannedForEncodings = 0;
			knownRegions = (
				en,
				Base,
			);
			mainGroup = 153C91DE17E8079C008E7A2A;
			productRefGroup = 153C91E817E8079C008E7A2A /* Products */;
			projectDirPath = "";
			projectRoot = "";
			targets = (
				153C91E617E8079C008E7A2A /* GoneHome */,
				153C920A17E8079C008E7A2A /* GoneHomeTests */,
			);
		};
/* End PBXProject section */

/* Begin PBXResourcesBuildPhase section */
		153C91E517E8079C008E7A2A /* Resources */ = {
			isa = PBXResourcesBuildPhase;
			buildActionMask = 2147483647;
			files = (
				153C91F517E8079C008E7A2A /* InfoPlist.strings in Resources */,
				153C920617E8079C008E7A2A /* Images.xcassets in Resources */,
				153C920117E8079C008E7A2A /* BPDocument.xib in Resources */,
				153C91FB17E8079C008E7A2A /* Credits.rtf in Resources */,
				153C920417E8079C008E7A2A /* MainMenu.xib in Resources */,
			);
			runOnlyForDeploymentPostprocessing = 0;
		};
		153C920917E8079C008E7A2A /* Resources */ = {
			isa = PBXResourcesBuildPhase;
			buildActionMask = 2147483647;
			files = (
				153C921617E8079C008E7A2A /* InfoPlist.strings in Resources */,
			);
			runOnlyForDeploymentPostprocessing = 0;
		};
/* End PBXResourcesBuildPhase section */

/* Begin PBXSourcesBuildPhase section */
		153C91E317E8079C008E7A2A /* Sources */ = {
			isa = PBXSourcesBuildPhase;
			buildActionMask = 2147483647;
			files = (
				153C91FE17E8079C008E7A2A /* BPDocument.m in Sources */,
				153C91F717E8079C008E7A2A /* main.m in Sources */,
			);
			runOnlyForDeploymentPostprocessing = 0;
		};
		153C920717E8079C008E7A2A /* Sources */ = {
			isa = PBXSourcesBuildPhase;
			buildActionMask = 2147483647;
			files = (
				153C921817E8079C008E7A2A /* GoneHomeTests.m in Sources */,
			);
			runOnlyForDeploymentPostprocessing = 0;
		};
/* End PBXSourcesBuildPhase section */

/* Begin PBXTargetDependency section */
		153C921017E8079C008E7A2A /* PBXTargetDependency */ = {
			isa = PBXTargetDependency;
			target = 153C91E617E8079C008E7A2A /* GoneHome */;
			targetProxy = 153C920F17E8079C008E7A2A /* PBXContainerItemProxy */;
		};
/* End PBXTargetDependency section */

/* Begin PBXVariantGroup section */
		153C91F317E8079C008E7A2A /* InfoPlist.strings */ = {
			isa = PBXVariantGroup;
			children = (
				153C91F417E8079C008E7A2A /* en */,
			);
			name = InfoPlist.strings;
			sourceTree = "<group>";
		};
		153C91F917E8079C008E7A2A /* Credits.rtf */ = {
			isa = PBXVariantGroup;
			children = (
				153C91FA17E8079C008E7A2A /* en */,
			);
			name = Credits.rtf;
			sourceTree = "<group>";
		};
		153C91FF17E8079C008E7A2A /* BPDocument.xib */ = {
			isa = PBXVariantGroup;
			children = (
				153C920017E8079C008E7A2A /* Base */,
			);
			name = BPDocument.xib;
			sourceTree = "<group>";
		};
		153C920217E8079C008E7A2A /* MainMenu.xib */ = {
			isa = PBXVariantGroup;
			children = (
				153C920317E8079C008E7A2A /* Base */,
			);
			name = MainMenu.xib;
			sourceTree = "<group>";
		};
		153C921417E8079C008E7A2A /* InfoPlist.strings */ = {
			isa = PBXVariantGroup;
			children = (
				153C921517E8079C008E7A2A /* en */,
			);
			name = InfoPlist.strings;
			sourceTree = "<group>";
		};
/* End PBXVariantGroup section */

/* Begin XCBuildConfiguration section */
		153C921917E8079C008E7A2A /* Debug */ = {
			isa = XCBuildConfiguration;
			buildSettings = {
				ALWAYS_SEARCH_USER_PATHS = NO;
				CLANG_CXX_LANGUAGE_STANDARD = "gnu++0x";
				CLANG_CXX_LIBRARY = "libc++";
				CLANG_ENABLE_OBJC_ARC = YES;
				CLANG_WARN_BOOL_CONVERSION = YES;
				CLANG_WARN_CONSTANT_CONVERSION = YES;
				CLANG_WARN_DIRECT_OBJC_ISA_USAGE = YES_ERROR;
				CLANG_WARN_EMPTY_BODY = YES;
				CLANG_WARN_ENUM_CONVERSION = YES;
				CLANG_WARN_INT_CONVERSION = YES;
				CLANG_WARN_OBJC_ROOT_CLASS = YES_ERROR;
				CLANG_WARN__DUPLICATE_METHOD_MATCH = YES;
				COPY_PHASE_STRIP = NO;
				GCC_C_LANGUAGE_STANDARD = gnu99;
				GCC_DYNAMIC_NO_PIC = NO;
				GCC_ENABLE_OBJC_EXCEPTIONS = YES;
				GCC_OPTIMIZATION_LEVEL = 0;
				GCC_PREPROCESSOR_DEFINITIONS = (
					"DEBUG=1",
					"$(inherited)",
				);
				GCC_SYMBOLS_PRIVATE_EXTERN = NO;
				GCC_WARN_64_TO_32_BIT_CONVERSION = YES;
				GCC_WARN_ABOUT_RETURN_TYPE = YES_ERROR;
				GCC_WARN_UNDECLARED_SELECTOR = YES;
				GCC_WARN_UNINITIALIZED_AUTOS = YES;
				GCC_WARN_UNUSED_FUNCTION = YES;
				GCC_WARN_UNUSED_VARIABLE = YES;
				MACOSX_DEPLOYMENT_TARGET = 10.8;
				ONLY_ACTIVE_ARCH = YES;
				SDKROOT = macosx;
			};
			name = Debug;
		};
		153C921A17E8079C008E7A2A /* Release */ = {
			isa = XCBuildConfiguration;
			buildSettings = {
				ALWAYS_SEARCH_USER_PATHS = NO;
				CLANG_CXX_LANGUAGE_STANDARD = "gnu++0x";
				CLANG_CXX_LIBRARY = "libc++";
				CLANG_ENABLE_OBJC_ARC = YES;
				CLANG_WARN_BOOL_CONVERSION = YES;
				CLANG_WARN_CONSTANT_CONVERSION = YES;
				CLANG_WARN_DIRECT_OBJC_ISA_USAGE = YES_ERROR;
				CLANG_WARN_EMPTY_BODY = YES;
				CLANG_WARN_ENUM_CONVERSION = YES;
				CLANG_WARN_INT_CONVERSION = YES;
				CLANG_WARN_OBJC_ROOT_CLASS = YES_ERROR;
				CLANG_WARN__DUPLICATE_METHOD_MATCH = YES;
				COPY_PHASE_STRIP = YES;
				DEBUG_INFORMATION_FORMAT = "dwarf-with-dsym";
				ENABLE_NS_ASSERTIONS = NO;
				GCC_C_LANGUAGE_STANDARD = gnu99;
				GCC_ENABLE_OBJC_EXCEPTIONS = YES;
				GCC_WARN_64_TO_32_BIT_CONVERSION = YES;
				GCC_WARN_ABOUT_RETURN_TYPE = YES_ERROR;
				GCC_WARN_UNDECLARED_SELECTOR = YES;
				GCC_WARN_UNINITIALIZED_AUTOS = YES;
				GCC_WARN_UNUSED_FUNCTION = YES;
				GCC_WARN_UNUSED_VARIABLE = YES;
				MACOSX_DEPLOYMENT_TARGET = 10.8;
				SDKROOT = macosx;
			};
			name = Release;
		};
		153C921C17E8079C008E7A2A /* Debug */ = {
			isa = XCBuildConfiguration;
			buildSettings = {
				ASSETCATALOG_COMPILER_APPICON_NAME = AppIcon;
				COMBINE_HIDPI_IMAGES = YES;
				GCC_PRECOMPILE_PREFIX_HEADER = YES;
				GCC_PREFIX_HEADER = "GoneHome/GoneHome-Prefix.pch";
				INFOPLIST_FILE = "GoneHome/GoneHome-Info.plist";
				PRODUCT_NAME = "$(TARGET_NAME)";
				WRAPPER_EXTENSION = app;
			};
			name = Debug;
		};
		153C921D17E8079C008E7A2A /* Release */ = {
			isa = XCBuildConfiguration;
			buildSettings = {
				ASSETCATALOG_COMPILER_APPICON_NAME = AppIcon;
				COMBINE_HIDPI_IMAGES = YES;
				GCC_PRECOMPILE_PREFIX_HEADER = YES;
				GCC_PREFIX_HEADER = "GoneHome/GoneHome-Prefix.pch";
				INFOPLIST_FILE = "GoneHome/GoneHome-Info.plist";
				PRODUCT_NAME = "$(TARGET_NAME)";
				WRAPPER_EXTENSION = app;
			};
			name = Release;
		};
		153C921F17E8079C008E7A2A /* Debug */ = {
			isa = XCBuildConfiguration;
			buildSettings = {
				BUNDLE_LOADER = "$(BUILT_PRODUCTS_DIR)/GoneHome.app/Contents/MacOS/GoneHome";
				COMBINE_HIDPI_IMAGES = YES;
				FRAMEWORK_SEARCH_PATHS = (
					"$(DEVELOPER_FRAMEWORKS_DIR)",
					"$(inherited)",
				);
				GCC_PRECOMPILE_PREFIX_HEADER = YES;
				GCC_PREFIX_HEADER = "GoneHome/GoneHome-Prefix.pch";
				GCC_PREPROCESSOR_DEFINITIONS = (
					"DEBUG=1",
					"$(inherited)",
				);
				INFOPLIST_FILE = "GoneHomeTests/GoneHomeTests-Info.plist";
				PRODUCT_NAME = "$(TARGET_NAME)";
				TEST_HOST = "$(BUNDLE_LOADER)";
				WRAPPER_EXTENSION = xctest;
			};
			name = Debug;
		};
		153C922017E8079C008E7A2A /* Release */ = {
			isa = XCBuildConfiguration;
			buildSettings = {
				BUNDLE_LOADER = "$(BUILT_PRODUCTS_DIR)/GoneHome.app/Contents/MacOS/GoneHome";
				COMBINE_HIDPI_IMAGES = YES;
				FRAMEWORK_SEARCH_PATHS = (
					"$(DEVELOPER_FRAMEWORKS_DIR)",
					"$(inherited)",
				);
				GCC_PRECOMPILE_PREFIX_HEADER = YES;
				GCC_PREFIX_HEADER = "GoneHome/GoneHome-Prefix.pch";
				INFOPLIST_FILE = "GoneHomeTests/GoneHomeTests-Info.plist";
				PRODUCT_NAME = "$(TARGET_NAME)";
				TEST_HOST = "$(BUNDLE_LOADER)";
				WRAPPER_EXTENSION = xctest;
			};
			name = Release;
		};
/* End XCBuildConfiguration section */

/* Begin XCConfigurationList section */
		153C91E217E8079C008E7A2A /* Build configuration list for PBXProject "GoneHome" */ = {
			isa = XCConfigurationList;
			buildConfigurations = (
				153C921917E8079C008E7A2A /* Debug */,
				153C921A17E8079C008E7A2A /* Release */,
			);
			defaultConfigurationIsVisible = 0;
			defaultConfigurationName = Release;
		};
		153C921B17E8079C008E7A2A /* Build configuration list for PBXNativeTarget "GoneHome" */ = {
			isa = XCConfigurationList;
			buildConfigurations = (
				153C921C17E8079C008E7A2A /* Debug */,
				153C921D17E8079C008E7A2A /* Release */,
			);
			defaultConfigurationIsVisible = 0;
		};
		153C921E17E8079C008E7A2A /* Build configuration list for PBXNativeTarget "GoneHomeTests" */ = {
			isa = XCConfigurationList;
			buildConfigurations = (
				153C921F17E8079C008E7A2A /* Debug */,
				153C922017E8079C008E7A2A /* Release */,
			);
			defaultConfigurationIsVisible = 0;
		};
/* End XCConfigurationList section */
	};
	rootObject = 153C91DF17E8079C008E7A2A /* Project object */;
}
